{
  "name": "safe",
  "lockfileVersion": 3,
  "requires": true,
  "packages": {
    "": {
      "name": "safe",
      "version": "1.0.0",
      "dependencies": {
        "lodash": "4.17.20"
      },
      "devDependencies": {
        "minimist": "1.2.5"
      }
    },
    "node_modules/lodash": {
      "version": "4.17.20",
      "resolved": "https://registry.npmjs.org/lodash/-/lodash-4.17.20.tgz"
    },
    "node_modules/minimist": {
      "version": "1.2.5",
      "dev": true,
      "resolved": "https://registry.npmjs.org/minimist/-/minimist-1.2.5.tgz"
    }
  }
}
